
Microsoft Visual Studio Solution File, Format Version 12.00
# Visual Studio Version 17
VisualStudioVersion = 17.2.32526.322
MinimumVisualStudioVersion = 10.0.40219.1
Project("{FAE04EC0-301F-11D3-BF4B-00C04F79EFBC}") = "TechFlurry.BusinessSite.App", "TechFlurry.BusinessSite.App\TechFlurry.BusinessSite.App.csproj", "{AEEEA9E3-3464-4E35-ACD7-E897279D9913}"
EndProject
Global
	GlobalSection(SolutionConfigurationPlatforms) = preSolution
		Debug|Any CPU = Debug|Any CPU
		Release|Any CPU = Release|Any CPU
	EndGlobalSection
	GlobalSection(ProjectConfigurationPlatforms) = postSolution
		{AEEEA9E3-3464-4E35-ACD7-E897279D9913}.Debug|Any CPU.ActiveCfg = Debug|Any CPU
		{AEEEA9E3-3464-4E35-ACD7-E897279D9913}.Debug|Any CPU.Build.0 = Debug|Any CPU
		{AEEEA9E3-3464-4E35-ACD7-E897279D9913}.Release|Any CPU.ActiveCfg = Release|Any CPU
		{AEEEA9E3-3464-4E35-ACD7-E897279D9913}.Release|Any CPU.Build.0 = Release|Any CPU
	EndGlobalSection
	GlobalSection(SolutionProperties) = preSolution
		HideSolutionNode = FALSE
	EndGlobalSection
	GlobalSection(ExtensibilityGlobals) = postSolution
		SolutionGuid = {13692FF2-D19D-4636-9C4B-017D6516CA97}
	EndGlobalSection
EndGlobal
